
Microsoft Visual Studio Solution File, Format Version 12.00
# Visual Studio 15
VisualStudioVersion = 15.0.27130.2010
MinimumVisualStudioVersion = 10.0.40219.1
Project("{E24C65DC-7377-472B-9ABA-BC803B73C61A}") = "Library", "Library\", "{FAE4ECCA-8CD0-40E1-9804-F1A861F852DE}"
	ProjectSection(WebsiteProperties) = preProject
		TargetFrameworkMoniker = ".NETFramework,Version%3Dv4.6.1"
		Debug.AspNetCompiler.VirtualPath = "/localhost_50882"
		Debug.AspNetCompiler.PhysicalPath = "Library\"
		Debug.AspNetCompiler.TargetPath = "PrecompiledWeb\localhost_50882\"
		Debug.AspNetCompiler.Updateable = "true"
		Debug.AspNetCompiler.ForceOverwrite = "true"
		Debug.AspNetCompiler.FixedNames = "false"
		Debug.AspNetCompiler.Debug = "True"
		Release.AspNetCompiler.VirtualPath = "/localhost_50882"
		Release.AspNetCompiler.PhysicalPath = "Library\"
		Release.AspNetCompiler.TargetPath = "PrecompiledWeb\localhost_50882\"
		Release.AspNetCompiler.Updateable = "true"
		Release.AspNetCompiler.ForceOverwrite = "true"
		Release.AspNetCompiler.FixedNames = "false"
		Release.AspNetCompiler.Debug = "False"
		VWDPort = "50882"
		SlnRelativePath = "Library\"
		DefaultWebSiteLanguage = "Visual C#"
	EndProjectSection
EndProject
Global
	GlobalSection(SolutionConfigurationPlatforms) = preSolution
		Debug|Any CPU = Debug|Any CPU
	EndGlobalSection
	GlobalSection(ProjectConfigurationPlatforms) = postSolution
		{FAE4ECCA-8CD0-40E1-9804-F1A861F852DE}.Debug|Any CPU.ActiveCfg = Debug|Any CPU
		{FAE4ECCA-8CD0-40E1-9804-F1A861F852DE}.Debug|Any CPU.Build.0 = Debug|Any CPU
	EndGlobalSection
	GlobalSection(SolutionProperties) = preSolution
		HideSolutionNode = FALSE
	EndGlobalSection
	GlobalSection(ExtensibilityGlobals) = postSolution
		SolutionGuid = {FEC80BA5-461C-4C66-9CA4-CDBB26D8B196}
	EndGlobalSection
EndGlobal
